# This file was autogenerated by Stack.
# You should not edit this file by hand.
# For more information, please see the documentation at:
#   https://docs.haskellstack.org/en/stable/lock_files

packages:
- completed:
    hackage: haskoin-core-0.9.7@sha256:1bd5f7b7983bc20603f1427956f8f980ac7e6c62ef5ea2b0c894c489e85ab324,4114
    pantry-tree:
      size: 4894
      sha256: 1a9eaa5b5bba570c02f4061ab0c368392fb0d21a164a547717e3cc76971a7723
  original:
    hackage: haskoin-core-0.9.7
snapshots:
- completed:
    size: 523700
    url: https://raw.githubusercontent.com/commercialhaskell/stackage-snapshots/master/lts/14/7.yaml
    sha256: 8e3f3c894be74d71fa4bf085e0a8baae7e4d7622d07ea31a52736b80f8b9bb1a
  original: lts-14.7
