# This file was autogenerated by Stack.
# You should not edit this file by hand.
# For more information, please see the documentation at:
#   https://docs.haskellstack.org/en/stable/lock_files

packages:
- completed:
    name: haskoin-core
    version: 0.20.0
    git: https://github.com/haskoin/haskoin-core.git
    pantry-tree:
      size: 6319
      sha256: 75dd29d0aeb47680b7f9fb34cc353a216f52c45876e422314e7631cab8059de7
    commit: 46112458f58ecc56b2c14dace7caebe00888ebd4
  original:
    git: https://github.com/haskoin/haskoin-core.git
    commit: 46112458f58ecc56b2c14dace7caebe00888ebd4
snapshots:
- completed:
    size: 563103
    url: https://raw.githubusercontent.com/commercialhaskell/stackage-snapshots/master/lts/17/4.yaml
    sha256: f11e2153044f5f71ea7b1c9398f4721f517c9bd37642ed769647b896564021f3
  original: lts-17.4
