# This file was autogenerated by Stack.
# You should not edit this file by hand.
# For more information, please see the documentation at:
#   https://docs.haskellstack.org/en/stable/lock_files

packages:
- completed:
    hackage: haskoin-core-0.9.2@sha256:d46a8d027d7c2c0401c36509f5c34974b12fe0613200e9d833420261f420699d,4079
    pantry-tree:
      size: 4893
      sha256: 5960238b624b49bd98162d69a484d6b11e50f809a6af497504b21dfe63c89f09
  original:
    hackage: haskoin-core-0.9.2
snapshots:
- completed:
    size: 523700
    url: https://raw.githubusercontent.com/commercialhaskell/stackage-snapshots/master/lts/14/7.yaml
    sha256: 8e3f3c894be74d71fa4bf085e0a8baae7e4d7622d07ea31a52736b80f8b9bb1a
  original: lts-14.7
